{
  "version": 4,
  "terraform_version": "1.14.3",
  "serial": 91,
  "lineage": "7bd06470-617f-4581-8b42-0af3883a6f27",
  "outputs": {
    "arns": {
      "value": [
        "arn:aws:iam::304182266883:user/system/loadbalancer_0",
        "arn:aws:iam::304182266883:user/system/loadbalancer_1",
        "arn:aws:iam::304182266883:user/system/loadbalancer_2"
      ],
      "type": [
        "tuple",
        [
          "string",
          "string",
          "string"
        ]
      ]
    },
    "names": {
      "value": [
        "loadbalancer_0",
        "loadbalancer_1",
        "loadbalancer_2"
      ],
      "type": [
        "tuple",
        [
          "string",
          "string",
          "string"
        ]
      ]
    }
  },
  "resources": [
    {
      "mode": "managed",
      "type": "aws_security_group",
      "name": "my_sg",
      "provider": "provider[\"registry.terraform.io/hashicorp/aws\"]",
      "instances": [
        {
          "schema_version": 1,
          "attributes": {
            "arn": "arn:aws:ec2:us-east-1:304182266883:security-group/sg-0dcd6720d44f4bd1e",
            "description": "Managed by Terraform",
            "egress": [],
            "id": "sg-0dcd6720d44f4bd1e",
            "ingress": [],
            "name": "my_sg_name",
            "name_prefix": "",
            "owner_id": "304182266883",
            "region": "us-east-1",
            "revoke_rules_on_delete": false,
            "tags": {
              "Name": "my_sg_tag"
            },
            "tags_all": {
              "Name": "my_sg_tag"
            },
            "timeouts": null,
            "vpc_id": "vpc-0d544c7f3e56b3d5e"
          },
          "sensitive_attributes": [],
          "identity_schema_version": 0,
          "identity": {
            "account_id": "304182266883",
            "id": "sg-0dcd6720d44f4bd1e",
            "region": "us-east-1"
          },
          "private": "eyJlMmJmYjczMC1lY2FhLTExZTYtOGY4OC0zNDM2M2JjN2M0YzAiOnsiY3JlYXRlIjo2MDAwMDAwMDAwMDAsImRlbGV0ZSI6OTAwMDAwMDAwMDAwfSwic2NoZW1hX3ZlcnNpb24iOiIxIn0="
        }
      ]
    }
  ],
  "check_results": null
}
