{
  "version": 4,
  "terraform_version": "1.14.3",
  "serial": 22,
  "lineage": "7e6fe889-9db4-e406-8c1f-7d0f0809a117",
  "outputs": {
    "eip_ips_array": {
      "value": [
        "44.222.16.128",
        "vpc"
      ],
      "type": [
        "tuple",
        [
          "string",
          "string"
        ]
      ]
    },
    "eip_ips_object": {
      "value": {
        "private_IP": "vpc",
        "public_IP": "44.222.16.128"
      },
      "type": [
        "object",
        {
          "private_IP": "string",
          "public_IP": "string"
        }
      ]
    }
  },
  "resources": [
    {
      "mode": "managed",
      "type": "aws_eip",
      "name": "my_eip",
      "provider": "provider[\"registry.terraform.io/hashicorp/aws\"]",
      "instances": [
        {
          "schema_version": 0,
          "attributes": {
            "address": null,
            "allocation_id": "eipalloc-0ee52b9f5a43dd648",
            "arn": "arn:aws:ec2:us-east-1:304182266883:elastic-ip/eipalloc-0ee52b9f5a43dd648",
            "associate_with_private_ip": null,
            "association_id": "",
            "carrier_ip": "",
            "customer_owned_ip": "",
            "customer_owned_ipv4_pool": "",
            "domain": "vpc",
            "id": "eipalloc-0ee52b9f5a43dd648",
            "instance": "",
            "ipam_pool_id": null,
            "network_border_group": "us-east-1",
            "network_interface": "",
            "private_dns": null,
            "private_ip": "",
            "ptr_record": "",
            "public_dns": "ec2-44-222-16-128.compute-1.amazonaws.com",
            "public_ip": "44.222.16.128",
            "public_ipv4_pool": "amazon",
            "region": "us-east-1",
            "tags": null,
            "tags_all": {},
            "timeouts": null
          },
          "sensitive_attributes": [],
          "identity_schema_version": 0,
          "private": "eyJlMmJmYjczMC1lY2FhLTExZTYtOGY4OC0zNDM2M2JjN2M0YzAiOnsiZGVsZXRlIjoxODAwMDAwMDAwMDAsInJlYWQiOjkwMDAwMDAwMDAwMCwidXBkYXRlIjozMDAwMDAwMDAwMDB9fQ=="
        }
      ]
    }
  ],
  "check_results": null
}
